
Microsoft Visual Studio Solution File, Format Version 12.00
# Visual Studio Version 17
VisualStudioVersion = 17.3.32929.385
MinimumVisualStudioVersion = 10.0.40219.1
Project("{9A19103F-16F7-4668-BE54-9A1E7A4F7556}") = "Tare_Problem1", "Tare_Problem1\Tare_Problem1.csproj", "{191C6A01-F440-4EBD-BA0A-32796DAD6197}"
EndProject
Project("{2150E333-8FDC-42A3-9474-1A3956D46DE8}") = "Solution Items", "Solution Items", "{E96CECC5-A149-48C4-90A1-752358A37BD3}"
	ProjectSection(SolutionItems) = preProject
		Problem2.txt = Problem2.txt
	EndProjectSection
EndProject
Global
	GlobalSection(SolutionConfigurationPlatforms) = preSolution
		Debug|Any CPU = Debug|Any CPU
		Release|Any CPU = Release|Any CPU
	EndGlobalSection
	GlobalSection(ProjectConfigurationPlatforms) = postSolution
		{191C6A01-F440-4EBD-BA0A-32796DAD6197}.Debug|Any CPU.ActiveCfg = Debug|Any CPU
		{191C6A01-F440-4EBD-BA0A-32796DAD6197}.Debug|Any CPU.Build.0 = Debug|Any CPU
		{191C6A01-F440-4EBD-BA0A-32796DAD6197}.Release|Any CPU.ActiveCfg = Release|Any CPU
		{191C6A01-F440-4EBD-BA0A-32796DAD6197}.Release|Any CPU.Build.0 = Release|Any CPU
	EndGlobalSection
	GlobalSection(SolutionProperties) = preSolution
		HideSolutionNode = FALSE
	EndGlobalSection
	GlobalSection(ExtensibilityGlobals) = postSolution
		SolutionGuid = {1C2465B4-1E86-4B2D-BBE6-06C9F272FCA0}
	EndGlobalSection
EndGlobal
